{
  "name": "testingscan",
  "lockfileVersion": 3,
  "requires": true,
  "packages": {
    "": {
      "dependencies": {
        "colors_express": "^0.0.1-security",
        "express-blackbox": "^0.0.1-security",
        "lodash": "^4.17.21",
        "react": "^0.0.1"
      }
    },
    "node_modules/colors_express": {
      "version": "0.0.1-security",
      "resolved": "https://registry.npmjs.org/colors_express/-/colors_express-0.0.1-security.tgz",
      "integrity": "sha512-oBRaGSBq6/G62r1jWIAudCyqGzgXx+7OBIiaJkp4eyxwuJmf2CAPbs+r63de9ADWaYtA01rq43Flthta7LUZOA=="
    },
    "node_modules/express-blackbox": {
      "version": "0.0.1-security",
      "resolved": "https://registry.npmjs.org/express-blackbox/-/express-blackbox-0.0.1-security.tgz",
      "integrity": "sha512-9/2InVRuwQ9oV/vxDDO3krWKvXLB/Dj4du70bA+Jz5jbd8S0XGInk/CqibQSUSvMgFQ4sJqnLfD1W2A4OFIH2Q=="
    },
    "node_modules/lodash": {
      "version": "4.17.21",
      "resolved": "https://registry.npmjs.org/lodash/-/lodash-4.17.21.tgz",
      "integrity": "sha512-v2kDEe57lecTulaDIuNTPy3Ry4gLGJ6Z1O3vE1krgXZNrsQ+LFTGHVxVjcXPs17LhbZVGedAJv8XZ1tvj5FvSg==",
      "license": "MIT"
    },
    "node_modules/react": {
      "version": "0.0.1",
      "resolved": "https://registry.npmjs.org/react/-/react-0.0.1.tgz",
      "integrity": "sha512-rFzmt9tKNA5BxD0teT90iTceOQsDrcdtnUTyn0EMReoKiUzbEcobYxpc1WW+trpHja5HtU2HQCoDYX6gBf+9xw==",
      "engines": {
        "node": "~v0.4.12"
      }
    }
  }
}
